
Microsoft Visual Studio Solution File, Format Version 12.00
# Visual Studio Version 18
VisualStudioVersion = 18.6.11822.322
MinimumVisualStudioVersion = 10.0.40219.1
Project("{2150E333-8FDC-42A3-9474-1A3956D46DE8}") = "MedManage.Core", "MedManage.Core", "{2043A3D8-5356-4BEE-9D3C-2D411A651EA2}"
EndProject
Project("{FAE04EC0-301F-11D3-BF4B-00C04F79EFBC}") = "MedManage.Domain", "MedManage.Core\MedManage.Domain\MedManage.Domain.csproj", "{865EE01E-0465-4264-A308-5B702EDE65AD}"
EndProject
Project("{FAE04EC0-301F-11D3-BF4B-00C04F79EFBC}") = "MedManage.Application", "MedManage.Core\MedManage.Application\MedManage.Application.csproj", "{7118273F-ADB3-476B-9E66-06319A6A8567}"
EndProject
Project("{2150E333-8FDC-42A3-9474-1A3956D46DE8}") = "MedManage.Infrasructure", "MedManage.Infrasructure", "{896FD78F-58D2-4653-9804-4581E0DA6666}"
EndProject
Project("{FAE04EC0-301F-11D3-BF4B-00C04F79EFBC}") = "MedManage.Indentity", "MedManage.Indentity\MedManage.Indentity.csproj", "{E61C38E7-D829-4CF8-AE81-29FE8043AA6E}"
EndProject
Project("{FAE04EC0-301F-11D3-BF4B-00C04F79EFBC}") = "MedManage.Persistence", "MedManage.Persistence\MedManage.Persistence.csproj", "{09B36E2A-5214-4751-B331-C325C3A42896}"
EndProject
Project("{2150E333-8FDC-42A3-9474-1A3956D46DE8}") = "MedManage.Presentation", "MedManage.Presentation", "{00FE9421-06AA-4122-99BE-6F737DDB7DE4}"
EndProject
Project("{FAE04EC0-301F-11D3-BF4B-00C04F79EFBC}") = "MedManage.WebAPI", "MedManage.WebAPI\MedManage.WebAPI.csproj", "{DF3E3531-21B0-40EA-9FCD-939240541B44}"
EndProject
Project("{2150E333-8FDC-42A3-9474-1A3956D46DE8}") = "Элементы решения", "Элементы решения", "{C5120E71-6645-435E-A5F1-17E2556F4BF1}"
	ProjectSection(SolutionItems) = preProject
		.gitignore = .gitignore
	EndProjectSection
EndProject
Global
	GlobalSection(SolutionConfigurationPlatforms) = preSolution
		Debug|Any CPU = Debug|Any CPU
		Release|Any CPU = Release|Any CPU
	EndGlobalSection
	GlobalSection(ProjectConfigurationPlatforms) = postSolution
		{865EE01E-0465-4264-A308-5B702EDE65AD}.Debug|Any CPU.ActiveCfg = Debug|Any CPU
		{865EE01E-0465-4264-A308-5B702EDE65AD}.Debug|Any CPU.Build.0 = Debug|Any CPU
		{865EE01E-0465-4264-A308-5B702EDE65AD}.Release|Any CPU.ActiveCfg = Release|Any CPU
		{865EE01E-0465-4264-A308-5B702EDE65AD}.Release|Any CPU.Build.0 = Release|Any CPU
		{7118273F-ADB3-476B-9E66-06319A6A8567}.Debug|Any CPU.ActiveCfg = Debug|Any CPU
		{7118273F-ADB3-476B-9E66-06319A6A8567}.Debug|Any CPU.Build.0 = Debug|Any CPU
		{7118273F-ADB3-476B-9E66-06319A6A8567}.Release|Any CPU.ActiveCfg = Release|Any CPU
		{7118273F-ADB3-476B-9E66-06319A6A8567}.Release|Any CPU.Build.0 = Release|Any CPU
		{E61C38E7-D829-4CF8-AE81-29FE8043AA6E}.Debug|Any CPU.ActiveCfg = Debug|Any CPU
		{E61C38E7-D829-4CF8-AE81-29FE8043AA6E}.Debug|Any CPU.Build.0 = Debug|Any CPU
		{E61C38E7-D829-4CF8-AE81-29FE8043AA6E}.Release|Any CPU.ActiveCfg = Release|Any CPU
		{E61C38E7-D829-4CF8-AE81-29FE8043AA6E}.Release|Any CPU.Build.0 = Release|Any CPU
		{09B36E2A-5214-4751-B331-C325C3A42896}.Debug|Any CPU.ActiveCfg = Debug|Any CPU
		{09B36E2A-5214-4751-B331-C325C3A42896}.Debug|Any CPU.Build.0 = Debug|Any CPU
		{09B36E2A-5214-4751-B331-C325C3A42896}.Release|Any CPU.ActiveCfg = Release|Any CPU
		{09B36E2A-5214-4751-B331-C325C3A42896}.Release|Any CPU.Build.0 = Release|Any CPU
		{DF3E3531-21B0-40EA-9FCD-939240541B44}.Debug|Any CPU.ActiveCfg = Debug|Any CPU
		{DF3E3531-21B0-40EA-9FCD-939240541B44}.Debug|Any CPU.Build.0 = Debug|Any CPU
		{DF3E3531-21B0-40EA-9FCD-939240541B44}.Release|Any CPU.ActiveCfg = Release|Any CPU
		{DF3E3531-21B0-40EA-9FCD-939240541B44}.Release|Any CPU.Build.0 = Release|Any CPU
	EndGlobalSection
	GlobalSection(SolutionProperties) = preSolution
		HideSolutionNode = FALSE
	EndGlobalSection
	GlobalSection(NestedProjects) = preSolution
		{865EE01E-0465-4264-A308-5B702EDE65AD} = {2043A3D8-5356-4BEE-9D3C-2D411A651EA2}
		{7118273F-ADB3-476B-9E66-06319A6A8567} = {2043A3D8-5356-4BEE-9D3C-2D411A651EA2}
		{E61C38E7-D829-4CF8-AE81-29FE8043AA6E} = {896FD78F-58D2-4653-9804-4581E0DA6666}
		{09B36E2A-5214-4751-B331-C325C3A42896} = {896FD78F-58D2-4653-9804-4581E0DA6666}
		{DF3E3531-21B0-40EA-9FCD-939240541B44} = {00FE9421-06AA-4122-99BE-6F737DDB7DE4}
	EndGlobalSection
	GlobalSection(ExtensibilityGlobals) = postSolution
		SolutionGuid = {19DA6046-C57A-4A19-BC17-456265240775}
	EndGlobalSection
EndGlobal
